
Microsoft Visual Studio Solution File, Format Version 12.00
# Visual Studio 14
VisualStudioVersion = 14.0.24720.0
MinimumVisualStudioVersion = 10.0.40219.1
Project("{FAE04EC0-301F-11D3-BF4B-00C04F79EFBC}") = "phonebook", "phonebook\phonebook.csproj", "{B3A2FA97-D93F-4044-8F49-32DE6BC148E4}"
EndProject
Project("{FAE04EC0-301F-11D3-BF4B-00C04F79EFBC}") = "Count Real Numbers", "Count Real Numbers\Count Real Numbers.csproj", "{A120A31B-D798-4F64-B16C-6B04DD1D6A55}"
EndProject
Project("{FAE04EC0-301F-11D3-BF4B-00C04F79EFBC}") = "2. Odd Occurrences", "2. Odd Occurrences\2. Odd Occurrences.csproj", "{34E79EED-267C-4FF7-927A-BE4E3CA72AAB}"
EndProject
Project("{FAE04EC0-301F-11D3-BF4B-00C04F79EFBC}") = "Sum, Min, Max, Average", "Sum, Min, Max, Average\Sum, Min, Max, Average.csproj", "{3A501259-7685-4363-84D2-C620BB2028EB}"
EndProject
Project("{FAE04EC0-301F-11D3-BF4B-00C04F79EFBC}") = "Largest 3 Numbers", "Largest 3 Numbers\Largest 3 Numbers.csproj", "{E93B2D64-DBC1-434F-B790-F8CE110A075A}"
EndProject
Project("{FAE04EC0-301F-11D3-BF4B-00C04F79EFBC}") = "5. Short Words Sorted", "5. Short Words Sorted\5. Short Words Sorted.csproj", "{0C0D91B9-C091-4055-8338-1E1D4465122B}"
EndProject
Project("{FAE04EC0-301F-11D3-BF4B-00C04F79EFBC}") = "Fold and Sum", "Fold and Sum\Fold and Sum.csproj", "{ED07584F-0892-4BC7-B415-124B5B34AC62}"
EndProject
Global
	GlobalSection(SolutionConfigurationPlatforms) = preSolution
		Debug|Any CPU = Debug|Any CPU
		Release|Any CPU = Release|Any CPU
	EndGlobalSection
	GlobalSection(ProjectConfigurationPlatforms) = postSolution
		{B3A2FA97-D93F-4044-8F49-32DE6BC148E4}.Debug|Any CPU.ActiveCfg = Debug|Any CPU
		{B3A2FA97-D93F-4044-8F49-32DE6BC148E4}.Debug|Any CPU.Build.0 = Debug|Any CPU
		{B3A2FA97-D93F-4044-8F49-32DE6BC148E4}.Release|Any CPU.ActiveCfg = Release|Any CPU
		{B3A2FA97-D93F-4044-8F49-32DE6BC148E4}.Release|Any CPU.Build.0 = Release|Any CPU
		{A120A31B-D798-4F64-B16C-6B04DD1D6A55}.Debug|Any CPU.ActiveCfg = Debug|Any CPU
		{A120A31B-D798-4F64-B16C-6B04DD1D6A55}.Debug|Any CPU.Build.0 = Debug|Any CPU
		{A120A31B-D798-4F64-B16C-6B04DD1D6A55}.Release|Any CPU.ActiveCfg = Release|Any CPU
		{A120A31B-D798-4F64-B16C-6B04DD1D6A55}.Release|Any CPU.Build.0 = Release|Any CPU
		{34E79EED-267C-4FF7-927A-BE4E3CA72AAB}.Debug|Any CPU.ActiveCfg = Debug|Any CPU
		{34E79EED-267C-4FF7-927A-BE4E3CA72AAB}.Debug|Any CPU.Build.0 = Debug|Any CPU
		{34E79EED-267C-4FF7-927A-BE4E3CA72AAB}.Release|Any CPU.ActiveCfg = Release|Any CPU
		{34E79EED-267C-4FF7-927A-BE4E3CA72AAB}.Release|Any CPU.Build.0 = Release|Any CPU
		{3A501259-7685-4363-84D2-C620BB2028EB}.Debug|Any CPU.ActiveCfg = Debug|Any CPU
		{3A501259-7685-4363-84D2-C620BB2028EB}.Debug|Any CPU.Build.0 = Debug|Any CPU
		{3A501259-7685-4363-84D2-C620BB2028EB}.Release|Any CPU.ActiveCfg = Release|Any CPU
		{3A501259-7685-4363-84D2-C620BB2028EB}.Release|Any CPU.Build.0 = Release|Any CPU
		{E93B2D64-DBC1-434F-B790-F8CE110A075A}.Debug|Any CPU.ActiveCfg = Debug|Any CPU
		{E93B2D64-DBC1-434F-B790-F8CE110A075A}.Debug|Any CPU.Build.0 = Debug|Any CPU
		{E93B2D64-DBC1-434F-B790-F8CE110A075A}.Release|Any CPU.ActiveCfg = Release|Any CPU
		{E93B2D64-DBC1-434F-B790-F8CE110A075A}.Release|Any CPU.Build.0 = Release|Any CPU
		{0C0D91B9-C091-4055-8338-1E1D4465122B}.Debug|Any CPU.ActiveCfg = Debug|Any CPU
		{0C0D91B9-C091-4055-8338-1E1D4465122B}.Debug|Any CPU.Build.0 = Debug|Any CPU
		{0C0D91B9-C091-4055-8338-1E1D4465122B}.Release|Any CPU.ActiveCfg = Release|Any CPU
		{0C0D91B9-C091-4055-8338-1E1D4465122B}.Release|Any CPU.Build.0 = Release|Any CPU
		{ED07584F-0892-4BC7-B415-124B5B34AC62}.Debug|Any CPU.ActiveCfg = Debug|Any CPU
		{ED07584F-0892-4BC7-B415-124B5B34AC62}.Debug|Any CPU.Build.0 = Debug|Any CPU
		{ED07584F-0892-4BC7-B415-124B5B34AC62}.Release|Any CPU.ActiveCfg = Release|Any CPU
		{ED07584F-0892-4BC7-B415-124B5B34AC62}.Release|Any CPU.Build.0 = Release|Any CPU
	EndGlobalSection
	GlobalSection(SolutionProperties) = preSolution
		HideSolutionNode = FALSE
	EndGlobalSection
EndGlobal
